
Microsoft Visual Studio Solution File, Format Version 12.00
# Visual Studio Version 16
VisualStudioVersion = 16.0.30611.23
MinimumVisualStudioVersion = 10.0.40219.1
Project("{FAE04EC0-301F-11D3-BF4B-00C04F79EFBC}") = "StockManagement", "StockManagement.csproj", "{586AAA84-6E7C-4D65-B4F1-0336DD12F52B}"
EndProject
Global
	GlobalSection(SolutionConfigurationPlatforms) = preSolution
		Debug|Any CPU = Debug|Any CPU
		Release|Any CPU = Release|Any CPU
	EndGlobalSection
	GlobalSection(ProjectConfigurationPlatforms) = postSolution
		{586AAA84-6E7C-4D65-B4F1-0336DD12F52B}.Debug|Any CPU.ActiveCfg = Debug|Any CPU
		{586AAA84-6E7C-4D65-B4F1-0336DD12F52B}.Debug|Any CPU.Build.0 = Debug|Any CPU
		{586AAA84-6E7C-4D65-B4F1-0336DD12F52B}.Release|Any CPU.ActiveCfg = Release|Any CPU
		{586AAA84-6E7C-4D65-B4F1-0336DD12F52B}.Release|Any CPU.Build.0 = Release|Any CPU
	EndGlobalSection
	GlobalSection(SolutionProperties) = preSolution
		HideSolutionNode = FALSE
	EndGlobalSection
	GlobalSection(ExtensibilityGlobals) = postSolution
		SolutionGuid = {5A9D521F-C3B7-445F-9981-EEFAA98E1C79}
	EndGlobalSection
EndGlobal
