
Microsoft Visual Studio Solution File, Format Version 12.00
# Visual Studio 14
VisualStudioVersion = 14.0.25420.1
MinimumVisualStudioVersion = 10.0.40219.1
Project("{FAE04EC0-301F-11D3-BF4B-00C04F79EFBC}") = "StockManagement", "StockManagement.csproj", "{586AAA84-6E7C-4D65-B4F1-0336DD12F52B}"
EndProject
Project("{FAE04EC0-301F-11D3-BF4B-00C04F79EFBC}") = "StockManagement.Bussiness", "StockManagement.Bussiness\StockManagement.Bussiness.csproj", "{D24F820D-6DA1-4BF0-9FC4-E1A02DE0664F}"
EndProject
Global
	GlobalSection(SolutionConfigurationPlatforms) = preSolution
		Debug|Any CPU = Debug|Any CPU
		Release|Any CPU = Release|Any CPU
	EndGlobalSection
	GlobalSection(ProjectConfigurationPlatforms) = postSolution
		{586AAA84-6E7C-4D65-B4F1-0336DD12F52B}.Debug|Any CPU.ActiveCfg = Debug|Any CPU
		{586AAA84-6E7C-4D65-B4F1-0336DD12F52B}.Debug|Any CPU.Build.0 = Debug|Any CPU
		{586AAA84-6E7C-4D65-B4F1-0336DD12F52B}.Release|Any CPU.ActiveCfg = Release|Any CPU
		{586AAA84-6E7C-4D65-B4F1-0336DD12F52B}.Release|Any CPU.Build.0 = Release|Any CPU
		{D24F820D-6DA1-4BF0-9FC4-E1A02DE0664F}.Debug|Any CPU.ActiveCfg = Debug|Any CPU
		{D24F820D-6DA1-4BF0-9FC4-E1A02DE0664F}.Debug|Any CPU.Build.0 = Debug|Any CPU
		{D24F820D-6DA1-4BF0-9FC4-E1A02DE0664F}.Release|Any CPU.ActiveCfg = Release|Any CPU
		{D24F820D-6DA1-4BF0-9FC4-E1A02DE0664F}.Release|Any CPU.Build.0 = Release|Any CPU
	EndGlobalSection
	GlobalSection(SolutionProperties) = preSolution
		HideSolutionNode = FALSE
	EndGlobalSection
	GlobalSection(ExtensibilityGlobals) = postSolution
		SolutionGuid = {5A9D521F-C3B7-445F-9981-EEFAA98E1C79}
	EndGlobalSection
EndGlobal
